
Microsoft Visual Studio Solution File, Format Version 12.00
# Visual Studio Version 17
VisualStudioVersion = 17.10.35122.118
MinimumVisualStudioVersion = 10.0.40219.1
Project("{9A19103F-16F7-4668-BE54-9A1E7A4F7556}") = "SemaforosInteligentes", "SemaforosInteligentes.csproj", "{DD4C8D71-B448-4391-BED0-852F90DC319E}"
EndProject
Project("{54A90642-561A-4BB1-A94E-469ADEE60C69}") = "front", "..\FRONT\front.esproj", "{B3A34884-0C64-4DB9-A5C3-4B23547C7CB6}"
EndProject
Global
	GlobalSection(SolutionConfigurationPlatforms) = preSolution
		Debug|Any CPU = Debug|Any CPU
		Release|Any CPU = Release|Any CPU
	EndGlobalSection
	GlobalSection(ProjectConfigurationPlatforms) = postSolution
		{DD4C8D71-B448-4391-BED0-852F90DC319E}.Debug|Any CPU.ActiveCfg = Debug|Any CPU
		{DD4C8D71-B448-4391-BED0-852F90DC319E}.Debug|Any CPU.Build.0 = Debug|Any CPU
		{DD4C8D71-B448-4391-BED0-852F90DC319E}.Release|Any CPU.ActiveCfg = Release|Any CPU
		{DD4C8D71-B448-4391-BED0-852F90DC319E}.Release|Any CPU.Build.0 = Release|Any CPU
		{B3A34884-0C64-4DB9-A5C3-4B23547C7CB6}.Debug|Any CPU.ActiveCfg = Debug|Any CPU
		{B3A34884-0C64-4DB9-A5C3-4B23547C7CB6}.Debug|Any CPU.Build.0 = Debug|Any CPU
		{B3A34884-0C64-4DB9-A5C3-4B23547C7CB6}.Debug|Any CPU.Deploy.0 = Debug|Any CPU
		{B3A34884-0C64-4DB9-A5C3-4B23547C7CB6}.Release|Any CPU.ActiveCfg = Release|Any CPU
		{B3A34884-0C64-4DB9-A5C3-4B23547C7CB6}.Release|Any CPU.Build.0 = Release|Any CPU
		{B3A34884-0C64-4DB9-A5C3-4B23547C7CB6}.Release|Any CPU.Deploy.0 = Release|Any CPU
	EndGlobalSection
	GlobalSection(SolutionProperties) = preSolution
		HideSolutionNode = FALSE
	EndGlobalSection
	GlobalSection(ExtensibilityGlobals) = postSolution
		SolutionGuid = {E61AF489-A8F4-418E-862E-06BA3272FFA2}
	EndGlobalSection
EndGlobal
